
Microsoft Visual Studio Solution File, Format Version 12.00
# Visual Studio Version 17
VisualStudioVersion = 17.0.32014.148
MinimumVisualStudioVersion = 10.0.40219.1
Project("{9A19103F-16F7-4668-BE54-9A1E7A4F7556}") = "Consumer", "Consumer\Consumer.csproj", "{FC91E17C-0FA3-4590-86BB-7BDCE13CE0F2}"
EndProject
Project("{9A19103F-16F7-4668-BE54-9A1E7A4F7556}") = "Publisher", "Publisher\Publisher.csproj", "{6DCEC3D5-F7CA-4094-9F84-445CBDD6FD9F}"
EndProject
Global
	GlobalSection(SolutionConfigurationPlatforms) = preSolution
		Debug|Any CPU = Debug|Any CPU
		Release|Any CPU = Release|Any CPU
	EndGlobalSection
	GlobalSection(ProjectConfigurationPlatforms) = postSolution
		{FC91E17C-0FA3-4590-86BB-7BDCE13CE0F2}.Debug|Any CPU.ActiveCfg = Debug|Any CPU
		{FC91E17C-0FA3-4590-86BB-7BDCE13CE0F2}.Debug|Any CPU.Build.0 = Debug|Any CPU
		{FC91E17C-0FA3-4590-86BB-7BDCE13CE0F2}.Release|Any CPU.ActiveCfg = Release|Any CPU
		{FC91E17C-0FA3-4590-86BB-7BDCE13CE0F2}.Release|Any CPU.Build.0 = Release|Any CPU
		{6DCEC3D5-F7CA-4094-9F84-445CBDD6FD9F}.Debug|Any CPU.ActiveCfg = Debug|Any CPU
		{6DCEC3D5-F7CA-4094-9F84-445CBDD6FD9F}.Debug|Any CPU.Build.0 = Debug|Any CPU
		{6DCEC3D5-F7CA-4094-9F84-445CBDD6FD9F}.Release|Any CPU.ActiveCfg = Release|Any CPU
		{6DCEC3D5-F7CA-4094-9F84-445CBDD6FD9F}.Release|Any CPU.Build.0 = Release|Any CPU
	EndGlobalSection
	GlobalSection(SolutionProperties) = preSolution
		HideSolutionNode = FALSE
	EndGlobalSection
	GlobalSection(ExtensibilityGlobals) = postSolution
		SolutionGuid = {B2B41359-ECB1-484D-8E03-327DDB2787B4}
	EndGlobalSection
EndGlobal
